
Microsoft Visual Studio Solution File, Format Version 12.00
# Visual Studio 15
VisualStudioVersion = 15.0.27703.2026
MinimumVisualStudioVersion = 10.0.40219.1
Project("{FAE04EC0-301F-11D3-BF4B-00C04F79EFBC}") = "Hello", "Hello\Hello.csproj", "{9A7E6346-473E-4FD8-B466-2E4999224605}"
EndProject
Project("{FAE04EC0-301F-11D3-BF4B-00C04F79EFBC}") = "FizzBuzz", "FizzBuzz\FizzBuzz.csproj", "{6420634D-CC6E-4678-872F-3B1CF5E1006A}"
EndProject
Global
	GlobalSection(SolutionConfigurationPlatforms) = preSolution
		Debug|Any CPU = Debug|Any CPU
		Release|Any CPU = Release|Any CPU
	EndGlobalSection
	GlobalSection(ProjectConfigurationPlatforms) = postSolution
		{9A7E6346-473E-4FD8-B466-2E4999224605}.Debug|Any CPU.ActiveCfg = Debug|Any CPU
		{9A7E6346-473E-4FD8-B466-2E4999224605}.Debug|Any CPU.Build.0 = Debug|Any CPU
		{9A7E6346-473E-4FD8-B466-2E4999224605}.Release|Any CPU.ActiveCfg = Release|Any CPU
		{9A7E6346-473E-4FD8-B466-2E4999224605}.Release|Any CPU.Build.0 = Release|Any CPU
		{6420634D-CC6E-4678-872F-3B1CF5E1006A}.Debug|Any CPU.ActiveCfg = Debug|Any CPU
		{6420634D-CC6E-4678-872F-3B1CF5E1006A}.Debug|Any CPU.Build.0 = Debug|Any CPU
		{6420634D-CC6E-4678-872F-3B1CF5E1006A}.Release|Any CPU.ActiveCfg = Release|Any CPU
		{6420634D-CC6E-4678-872F-3B1CF5E1006A}.Release|Any CPU.Build.0 = Release|Any CPU
	EndGlobalSection
	GlobalSection(SolutionProperties) = preSolution
		HideSolutionNode = FALSE
	EndGlobalSection
	GlobalSection(ExtensibilityGlobals) = postSolution
		SolutionGuid = {EBC2B46D-70C0-486F-95B0-BA3DADA83497}
	EndGlobalSection
EndGlobal
